
Microsoft Visual Studio Solution File, Format Version 12.00
# Visual Studio 15
VisualStudioVersion = 15.0.28307.329
MinimumVisualStudioVersion = 10.0.40219.1
Project("{8BC9CEB8-8B4A-11D0-8D11-00A0C91BC942}") = "PuntosHerencia", "PuntosHerencia\PuntosHerencia.vcxproj", "{136EBEEB-8654-44BB-86A8-D94A8F7B52DE}"
EndProject
Global
	GlobalSection(SolutionConfigurationPlatforms) = preSolution
		Debug|x64 = Debug|x64
		Debug|x86 = Debug|x86
		Release|x64 = Release|x64
		Release|x86 = Release|x86
	EndGlobalSection
	GlobalSection(ProjectConfigurationPlatforms) = postSolution
		{136EBEEB-8654-44BB-86A8-D94A8F7B52DE}.Debug|x64.ActiveCfg = Debug|x64
		{136EBEEB-8654-44BB-86A8-D94A8F7B52DE}.Debug|x64.Build.0 = Debug|x64
		{136EBEEB-8654-44BB-86A8-D94A8F7B52DE}.Debug|x86.ActiveCfg = Debug|Win32
		{136EBEEB-8654-44BB-86A8-D94A8F7B52DE}.Debug|x86.Build.0 = Debug|Win32
		{136EBEEB-8654-44BB-86A8-D94A8F7B52DE}.Release|x64.ActiveCfg = Release|x64
		{136EBEEB-8654-44BB-86A8-D94A8F7B52DE}.Release|x64.Build.0 = Release|x64
		{136EBEEB-8654-44BB-86A8-D94A8F7B52DE}.Release|x86.ActiveCfg = Release|Win32
		{136EBEEB-8654-44BB-86A8-D94A8F7B52DE}.Release|x86.Build.0 = Release|Win32
	EndGlobalSection
	GlobalSection(SolutionProperties) = preSolution
		HideSolutionNode = FALSE
	EndGlobalSection
	GlobalSection(ExtensibilityGlobals) = postSolution
		SolutionGuid = {0185A269-32CC-445C-9D47-CBD4CD30E31A}
	EndGlobalSection
EndGlobal
