
Microsoft Visual Studio Solution File, Format Version 12.00
# Visual Studio 15
VisualStudioVersion = 15.0.28307.329
MinimumVisualStudioVersion = 10.0.40219.1
Project("{8BC9CEB8-8B4A-11D0-8D11-00A0C91BC942}") = "matrix_antesdelexamen", "matrix_antesdelexamen\matrix_antesdelexamen.vcxproj", "{A537808D-84F1-41F2-8679-BB7A1C03E103}"
EndProject
Global
	GlobalSection(SolutionConfigurationPlatforms) = preSolution
		Debug|x64 = Debug|x64
		Debug|x86 = Debug|x86
		Release|x64 = Release|x64
		Release|x86 = Release|x86
	EndGlobalSection
	GlobalSection(ProjectConfigurationPlatforms) = postSolution
		{A537808D-84F1-41F2-8679-BB7A1C03E103}.Debug|x64.ActiveCfg = Debug|x64
		{A537808D-84F1-41F2-8679-BB7A1C03E103}.Debug|x64.Build.0 = Debug|x64
		{A537808D-84F1-41F2-8679-BB7A1C03E103}.Debug|x86.ActiveCfg = Debug|Win32
		{A537808D-84F1-41F2-8679-BB7A1C03E103}.Debug|x86.Build.0 = Debug|Win32
		{A537808D-84F1-41F2-8679-BB7A1C03E103}.Release|x64.ActiveCfg = Release|x64
		{A537808D-84F1-41F2-8679-BB7A1C03E103}.Release|x64.Build.0 = Release|x64
		{A537808D-84F1-41F2-8679-BB7A1C03E103}.Release|x86.ActiveCfg = Release|Win32
		{A537808D-84F1-41F2-8679-BB7A1C03E103}.Release|x86.Build.0 = Release|Win32
	EndGlobalSection
	GlobalSection(SolutionProperties) = preSolution
		HideSolutionNode = FALSE
	EndGlobalSection
	GlobalSection(ExtensibilityGlobals) = postSolution
		SolutionGuid = {1CA516EB-936B-4AFF-8D36-752BF8B0E3EA}
	EndGlobalSection
EndGlobal
