
Microsoft Visual Studio Solution File, Format Version 12.00
# Visual Studio 15
VisualStudioVersion = 15.0.28307.329
MinimumVisualStudioVersion = 10.0.40219.1
Project("{8BC9CEB8-8B4A-11D0-8D11-00A0C91BC942}") = "PolimorfismoEjer4", "PolimorfismoEjer4\PolimorfismoEjer4.vcxproj", "{D73928AB-E7ED-41A0-BD97-0981DB220452}"
EndProject
Global
	GlobalSection(SolutionConfigurationPlatforms) = preSolution
		Debug|x64 = Debug|x64
		Debug|x86 = Debug|x86
		Release|x64 = Release|x64
		Release|x86 = Release|x86
	EndGlobalSection
	GlobalSection(ProjectConfigurationPlatforms) = postSolution
		{D73928AB-E7ED-41A0-BD97-0981DB220452}.Debug|x64.ActiveCfg = Debug|x64
		{D73928AB-E7ED-41A0-BD97-0981DB220452}.Debug|x64.Build.0 = Debug|x64
		{D73928AB-E7ED-41A0-BD97-0981DB220452}.Debug|x86.ActiveCfg = Debug|Win32
		{D73928AB-E7ED-41A0-BD97-0981DB220452}.Debug|x86.Build.0 = Debug|Win32
		{D73928AB-E7ED-41A0-BD97-0981DB220452}.Release|x64.ActiveCfg = Release|x64
		{D73928AB-E7ED-41A0-BD97-0981DB220452}.Release|x64.Build.0 = Release|x64
		{D73928AB-E7ED-41A0-BD97-0981DB220452}.Release|x86.ActiveCfg = Release|Win32
		{D73928AB-E7ED-41A0-BD97-0981DB220452}.Release|x86.Build.0 = Release|Win32
	EndGlobalSection
	GlobalSection(SolutionProperties) = preSolution
		HideSolutionNode = FALSE
	EndGlobalSection
	GlobalSection(ExtensibilityGlobals) = postSolution
		SolutionGuid = {589A7100-DE15-46FB-BEB5-A233353797CC}
	EndGlobalSection
EndGlobal
