
Microsoft Visual Studio Solution File, Format Version 12.00
# Visual Studio 15
VisualStudioVersion = 15.0.28307.329
MinimumVisualStudioVersion = 10.0.40219.1
Project("{8BC9CEB8-8B4A-11D0-8D11-00A0C91BC942}") = "probandoenum", "probandoenum\probandoenum.vcxproj", "{7703C3AA-D86D-4796-8749-A31E317182DF}"
EndProject
Global
	GlobalSection(SolutionConfigurationPlatforms) = preSolution
		Debug|x64 = Debug|x64
		Debug|x86 = Debug|x86
		Release|x64 = Release|x64
		Release|x86 = Release|x86
	EndGlobalSection
	GlobalSection(ProjectConfigurationPlatforms) = postSolution
		{7703C3AA-D86D-4796-8749-A31E317182DF}.Debug|x64.ActiveCfg = Debug|x64
		{7703C3AA-D86D-4796-8749-A31E317182DF}.Debug|x64.Build.0 = Debug|x64
		{7703C3AA-D86D-4796-8749-A31E317182DF}.Debug|x86.ActiveCfg = Debug|Win32
		{7703C3AA-D86D-4796-8749-A31E317182DF}.Debug|x86.Build.0 = Debug|Win32
		{7703C3AA-D86D-4796-8749-A31E317182DF}.Release|x64.ActiveCfg = Release|x64
		{7703C3AA-D86D-4796-8749-A31E317182DF}.Release|x64.Build.0 = Release|x64
		{7703C3AA-D86D-4796-8749-A31E317182DF}.Release|x86.ActiveCfg = Release|Win32
		{7703C3AA-D86D-4796-8749-A31E317182DF}.Release|x86.Build.0 = Release|Win32
	EndGlobalSection
	GlobalSection(SolutionProperties) = preSolution
		HideSolutionNode = FALSE
	EndGlobalSection
	GlobalSection(ExtensibilityGlobals) = postSolution
		SolutionGuid = {6A626F6A-82A1-43CB-BAE7-534C6BB38CDB}
	EndGlobalSection
EndGlobal
