
Microsoft Visual Studio Solution File, Format Version 12.00
# Visual Studio 15
VisualStudioVersion = 15.0.28307.329
MinimumVisualStudioVersion = 10.0.40219.1
Project("{8BC9CEB8-8B4A-11D0-8D11-00A0C91BC942}") = "pruebasvarias", "pruebasvarias\pruebasvarias.vcxproj", "{82CAEC9A-9C87-40B6-865D-015418138689}"
EndProject
Global
	GlobalSection(SolutionConfigurationPlatforms) = preSolution
		Debug|x64 = Debug|x64
		Debug|x86 = Debug|x86
		Release|x64 = Release|x64
		Release|x86 = Release|x86
	EndGlobalSection
	GlobalSection(ProjectConfigurationPlatforms) = postSolution
		{82CAEC9A-9C87-40B6-865D-015418138689}.Debug|x64.ActiveCfg = Debug|x64
		{82CAEC9A-9C87-40B6-865D-015418138689}.Debug|x64.Build.0 = Debug|x64
		{82CAEC9A-9C87-40B6-865D-015418138689}.Debug|x86.ActiveCfg = Debug|Win32
		{82CAEC9A-9C87-40B6-865D-015418138689}.Debug|x86.Build.0 = Debug|Win32
		{82CAEC9A-9C87-40B6-865D-015418138689}.Release|x64.ActiveCfg = Release|x64
		{82CAEC9A-9C87-40B6-865D-015418138689}.Release|x64.Build.0 = Release|x64
		{82CAEC9A-9C87-40B6-865D-015418138689}.Release|x86.ActiveCfg = Release|Win32
		{82CAEC9A-9C87-40B6-865D-015418138689}.Release|x86.Build.0 = Release|Win32
	EndGlobalSection
	GlobalSection(SolutionProperties) = preSolution
		HideSolutionNode = FALSE
	EndGlobalSection
	GlobalSection(ExtensibilityGlobals) = postSolution
		SolutionGuid = {244E4D93-3C36-4E03-A2AC-2E36F4D4694C}
	EndGlobalSection
EndGlobal
